
Microsoft Visual Studio Solution File, Format Version 12.00
# Visual Studio Version 17
VisualStudioVersion = 17.14.36221.1 d17.14
MinimumVisualStudioVersion = 10.0.40219.1
Project("{FAE04EC0-301F-11D3-BF4B-00C04F79EFBC}") = "Tarea1", "Tarea1.csproj", "{E8BA6E52-D77F-439B-A4B2-16BFD8FDE0F8}"
EndProject
Global
	GlobalSection(SolutionConfigurationPlatforms) = preSolution
		Debug|Any CPU = Debug|Any CPU
		Release|Any CPU = Release|Any CPU
	EndGlobalSection
	GlobalSection(ProjectConfigurationPlatforms) = postSolution
		{E8BA6E52-D77F-439B-A4B2-16BFD8FDE0F8}.Debug|Any CPU.ActiveCfg = Debug|Any CPU
		{E8BA6E52-D77F-439B-A4B2-16BFD8FDE0F8}.Debug|Any CPU.Build.0 = Debug|Any CPU
		{E8BA6E52-D77F-439B-A4B2-16BFD8FDE0F8}.Release|Any CPU.ActiveCfg = Release|Any CPU
		{E8BA6E52-D77F-439B-A4B2-16BFD8FDE0F8}.Release|Any CPU.Build.0 = Release|Any CPU
	EndGlobalSection
	GlobalSection(SolutionProperties) = preSolution
		HideSolutionNode = FALSE
	EndGlobalSection
	GlobalSection(ExtensibilityGlobals) = postSolution
		SolutionGuid = {25685238-1A78-4ACB-9ECC-475B0B6471C2}
	EndGlobalSection
EndGlobal
