
Microsoft Visual Studio Solution File, Format Version 12.00
# Visual Studio Version 17
VisualStudioVersion = 17.14.36221.1 d17.14
MinimumVisualStudioVersion = 10.0.40219.1
Project("{FAE04EC0-301F-11D3-BF4B-00C04F79EFBC}") = "Funciones", "Funciones.csproj", "{63C13B70-A302-4662-AE46-592949C3C76D}"
EndProject
Global
	GlobalSection(SolutionConfigurationPlatforms) = preSolution
		Debug|Any CPU = Debug|Any CPU
		Release|Any CPU = Release|Any CPU
	EndGlobalSection
	GlobalSection(ProjectConfigurationPlatforms) = postSolution
		{63C13B70-A302-4662-AE46-592949C3C76D}.Debug|Any CPU.ActiveCfg = Debug|Any CPU
		{63C13B70-A302-4662-AE46-592949C3C76D}.Debug|Any CPU.Build.0 = Debug|Any CPU
		{63C13B70-A302-4662-AE46-592949C3C76D}.Release|Any CPU.ActiveCfg = Release|Any CPU
		{63C13B70-A302-4662-AE46-592949C3C76D}.Release|Any CPU.Build.0 = Release|Any CPU
	EndGlobalSection
	GlobalSection(SolutionProperties) = preSolution
		HideSolutionNode = FALSE
	EndGlobalSection
	GlobalSection(ExtensibilityGlobals) = postSolution
		SolutionGuid = {025B9A13-98FE-4A53-9A02-22112D39E1C5}
	EndGlobalSection
EndGlobal
